// !$*UTF8*$!
{
	archiveVersion = 1;
	classes = {
	};
	objectVersion = 48;
	objects = {

/* Begin PBXBuildFile section */
		B4943EC11FBD7D8800FB4FBE /* AppDelegate.swift in Sources */ = {isa = PBXBuildFile; fileRef = B4943EC01FBD7D8800FB4FBE /* AppDelegate.swift */; };
		B4943EC31FBD7D8800FB4FBE /* ViewController.swift in Sources */ = {isa = PBXBuildFile; fileRef = B4943EC21FBD7D8800FB4FBE /* ViewController.swift */; };
		B4943EC61FBD7D8800FB4FBE /* Main.storyboard in Resources */ = {isa = PBXBuildFile; fileRef = B4943EC41FBD7D8800FB4FBE /* Main.storyboard */; };
		B4943EC81FBD7D8800FB4FBE /* Assets.xcassets in Resources */ = {isa = PBXBuildFile; fileRef = B4943EC71FBD7D8800FB4FBE /* Assets.xcassets */; };
		B4943ECB1FBD7D8800FB4FBE /* LaunchScreen.storyboard in Resources */ = {isa = PBXBuildFile; fileRef = B4943EC91FBD7D8800FB4FBE /* LaunchScreen.storyboard */; };
		B4943ED61FBD7D8800FB4FBE /* ElementQuizTests.swift in Sources */ = {isa = PBXBuildFile; fileRef = B4943ED51FBD7D8800FB4FBE /* ElementQuizTests.swift */; };
		B4943EE11FBD7D8800FB4FBE /* ElementQuizUITests.swift in Sources */ = {isa = PBXBuildFile; fileRef = B4943EE01FBD7D8800FB4FBE /* ElementQuizUITests.swift */; };
/* End PBXBuildFile section */

/* Begin PBXContainerItemProxy section */
		B4943ED21FBD7D8800FB4FBE /* PBXContainerItemProxy */ = {
			isa = PBXContainerItemProxy;
			containerPortal = B4943EB51FBD7D8800FB4FBE /* Project object */;
			proxyType = 1;
			remoteGlobalIDString = B4943EBC1FBD7D8800FB4FBE;
			remoteInfo = ElementQuiz;
		};
		B4943EDD1FBD7D8800FB4FBE /* PBXContainerItemProxy */ = {
			isa = PBXContainerItemProxy;
			containerPortal = B4943EB51FBD7D8800FB4FBE /* Project object */;
			proxyType = 1;
			remoteGlobalIDString = B4943EBC1FBD7D8800FB4FBE;
			remoteInfo = ElementQuiz;
		};
/* End PBXContainerItemProxy section */

/* Begin PBXFileReference section */
		B4943EBD1FBD7D8800FB4FBE /* ElementQuiz.app */ = {isa = PBXFileReference; explicitFileType = wrapper.application; includeInIndex = 0; path = ElementQuiz.app; sourceTree = BUILT_PRODUCTS_DIR; };
		B4943EC01FBD7D8800FB4FBE /* AppDelegate.swift */ = {isa = PBXFileReference; lastKnownFileType = sourcecode.swift; path = AppDelegate.swift; sourceTree = "<group>"; };
		B4943EC21FBD7D8800FB4FBE /* ViewController.swift */ = {isa = PBXFileReference; lastKnownFileType = sourcecode.swift; path = ViewController.swift; sourceTree = "<group>"; };
		B4943EC51FBD7D8800FB4FBE /* Base */ = {isa = PBXFileReference; lastKnownFileType = file.storyboard; name = Base; path = Base.lproj/Main.storyboard; sourceTree = "<group>"; };
		B4943EC71FBD7D8800FB4FBE /* Assets.xcassets */ = {isa = PBXFileReference; lastKnownFileType = folder.assetcatalog; path = Assets.xcassets; sourceTree = "<group>"; };
		B4943ECA1FBD7D8800FB4FBE /* Base */ = {isa = PBXFileReference; lastKnownFileType = file.storyboard; name = Base; path = Base.lproj/LaunchScreen.storyboard; sourceTree = "<group>"; };
		B4943ECC1FBD7D8800FB4FBE /* Info.plist */ = {isa = PBXFileReference; lastKnownFileType = text.plist.xml; path = Info.plist; sourceTree = "<group>"; };
		B4943ED11FBD7D8800FB4FBE /* ElementQuizTests.xctest */ = {isa = PBXFileReference; explicitFileType = wrapper.cfbundle; includeInIndex = 0; path = ElementQuizTests.xctest; sourceTree = BUILT_PRODUCTS_DIR; };
		B4943ED51FBD7D8800FB4FBE /* ElementQuizTests.swift */ = {isa = PBXFileReference; lastKnownFileType = sourcecode.swift; path = ElementQuizTests.swift; sourceTree = "<group>"; };
		B4943ED71FBD7D8800FB4FBE /* Info.plist */ = {isa = PBXFileReference; lastKnownFileType = text.plist.xml; path = Info.plist; sourceTree = "<group>"; };
		B4943EDC1FBD7D8800FB4FBE /* ElementQuizUITests.xctest */ = {isa = PBXFileReference; explicitFileType = wrapper.cfbundle; includeInIndex = 0; path = ElementQuizUITests.xctest; sourceTree = BUILT_PRODUCTS_DIR; };
		B4943EE01FBD7D8800FB4FBE /* ElementQuizUITests.swift */ = {isa = PBXFileReference; lastKnownFileType = sourcecode.swift; path = ElementQuizUITests.swift; sourceTree = "<group>"; };
		B4943EE21FBD7D8800FB4FBE /* Info.plist */ = {isa = PBXFileReference; lastKnownFileType = text.plist.xml; path = Info.plist; sourceTree = "<group>"; };
/* End PBXFileReference section */

/* Begin PBXFrameworksBuildPhase section */
		B4943EBA1FBD7D8800FB4FBE /* Frameworks */ = {
			isa = PBXFrameworksBuildPhase;
			buildActionMask = 2147483647;
			files = (
			);
			runOnlyForDeploymentPostprocessing = 0;
		};
		B4943ECE1FBD7D8800FB4FBE /* Frameworks */ = {
			isa = PBXFrameworksBuildPhase;
			buildActionMask = 2147483647;
			files = (
			);
			runOnlyForDeploymentPostprocessing = 0;
		};
		B4943ED91FBD7D8800FB4FBE /* Frameworks */ = {
			isa = PBXFrameworksBuildPhase;
			buildActionMask = 2147483647;
			files = (
			);
			runOnlyForDeploymentPostprocessing = 0;
		};
/* End PBXFrameworksBuildPhase section */

/* Begin PBXGroup section */
		B4943EB41FBD7D8800FB4FBE = {
			isa = PBXGroup;
			children = (
				B4943EBF1FBD7D8800FB4FBE /* ElementQuiz */,
				B4943ED41FBD7D8800FB4FBE /* ElementQuizTests */,
				B4943EDF1FBD7D8800FB4FBE /* ElementQuizUITests */,
				B4943EBE1FBD7D8800FB4FBE /* Products */,
			);
			sourceTree = "<group>";
		};
		B4943EBE1FBD7D8800FB4FBE /* Products */ = {
			isa = PBXGroup;
			children = (
				B4943EBD1FBD7D8800FB4FBE /* ElementQuiz.app */,
				B4943ED11FBD7D8800FB4FBE /* ElementQuizTests.xctest */,
				B4943EDC1FBD7D8800FB4FBE /* ElementQuizUITests.xctest */,
			);
			name = Products;
			sourceTree = "<group>";
		};
		B4943EBF1FBD7D8800FB4FBE /* ElementQuiz */ = {
			isa = PBXGroup;
			children = (
				B4943EC01FBD7D8800FB4FBE /* AppDelegate.swift */,
				B4943EC21FBD7D8800FB4FBE /* ViewController.swift */,
				B4943EC41FBD7D8800FB4FBE /* Main.storyboard */,
				B4943EC71FBD7D8800FB4FBE /* Assets.xcassets */,
				B4943EC91FBD7D8800FB4FBE /* LaunchScreen.storyboard */,
				B4943ECC1FBD7D8800FB4FBE /* Info.plist */,
			);
			path = ElementQuiz;
			sourceTree = "<group>";
		};
		B4943ED41FBD7D8800FB4FBE /* ElementQuizTests */ = {
			isa = PBXGroup;
			children = (
				B4943ED51FBD7D8800FB4FBE /* ElementQuizTests.swift */,
				B4943ED71FBD7D8800FB4FBE /* Info.plist */,
			);
			path = ElementQuizTests;
			sourceTree = "<group>";
		};
		B4943EDF1FBD7D8800FB4FBE /* ElementQuizUITests */ = {
			isa = PBXGroup;
			children = (
				B4943EE01FBD7D8800FB4FBE /* ElementQuizUITests.swift */,
				B4943EE21FBD7D8800FB4FBE /* Info.plist */,
			);
			path = ElementQuizUITests;
			sourceTree = "<group>";
		};
/* End PBXGroup section */

/* Begin PBXNativeTarget section */
		B4943EBC1FBD7D8800FB4FBE /* ElementQuiz */ = {
			isa = PBXNativeTarget;
			buildConfigurationList = B4943EE51FBD7D8800FB4FBE /* Build configuration list for PBXNativeTarget "ElementQuiz" */;
			buildPhases = (
				B4943EB91FBD7D8800FB4FBE /* Sources */,
				B4943EBA1FBD7D8800FB4FBE /* Frameworks */,
				B4943EBB1FBD7D8800FB4FBE /* Resources */,
			);
			buildRules = (
			);
			dependencies = (
			);
			name = ElementQuiz;
			productName = ElementQuiz;
			productReference = B4943EBD1FBD7D8800FB4FBE /* ElementQuiz.app */;
			productType = "com.apple.product-type.application";
		};
		B4943ED01FBD7D8800FB4FBE /* ElementQuizTests */ = {
			isa = PBXNativeTarget;
			buildConfigurationList = B4943EE81FBD7D8800FB4FBE /* Build configuration list for PBXNativeTarget "ElementQuizTests" */;
			buildPhases = (
				B4943ECD1FBD7D8800FB4FBE /* Sources */,
				B4943ECE1FBD7D8800FB4FBE /* Frameworks */,
				B4943ECF1FBD7D8800FB4FBE /* Resources */,
			);
			buildRules = (
			);
			dependencies = (
				B4943ED31FBD7D8800FB4FBE /* PBXTargetDependency */,
			);
			name = ElementQuizTests;
			productName = ElementQuizTests;
			productReference = B4943ED11FBD7D8800FB4FBE /* ElementQuizTests.xctest */;
			productType = "com.apple.product-type.bundle.unit-test";
		};
		B4943EDB1FBD7D8800FB4FBE /* ElementQuizUITests */ = {
			isa = PBXNativeTarget;
			buildConfigurationList = B4943EEB1FBD7D8800FB4FBE /* Build configuration list for PBXNativeTarget "ElementQuizUITests" */;
			buildPhases = (
				B4943ED81FBD7D8800FB4FBE /* Sources */,
				B4943ED91FBD7D8800FB4FBE /* Frameworks */,
				B4943EDA1FBD7D8800FB4FBE /* Resources */,
			);
			buildRules = (
			);
			dependencies = (
				B4943EDE1FBD7D8800FB4FBE /* PBXTargetDependency */,
			);
			name = ElementQuizUITests;
			productName = ElementQuizUITests;
			productReference = B4943EDC1FBD7D8800FB4FBE /* ElementQuizUITests.xctest */;
			productType = "com.apple.product-type.bundle.ui-testing";
		};
/* End PBXNativeTarget section */

/* Begin PBXProject section */
		B4943EB51FBD7D8800FB4FBE /* Project object */ = {
			isa = PBXProject;
			attributes = {
				LastSwiftUpdateCheck = 0910;
				LastUpgradeCheck = 0910;
				ORGANIZATIONNAME = Administrateur;
				TargetAttributes = {
					B4943EBC1FBD7D8800FB4FBE = {
						CreatedOnToolsVersion = 9.1;
						ProvisioningStyle = Automatic;
					};
					B4943ED01FBD7D8800FB4FBE = {
						CreatedOnToolsVersion = 9.1;
						ProvisioningStyle = Automatic;
						TestTargetID = B4943EBC1FBD7D8800FB4FBE;
					};
					B4943EDB1FBD7D8800FB4FBE = {
						CreatedOnToolsVersion = 9.1;
						ProvisioningStyle = Automatic;
						TestTargetID = B4943EBC1FBD7D8800FB4FBE;
					};
				};
			};
			buildConfigurationList = B4943EB81FBD7D8800FB4FBE /* Build configuration list for PBXProject "ElementQuiz" */;
			compatibilityVersion = "Xcode 8.0";
			developmentRegion = en;
			hasScannedForEncodings = 0;
			knownRegions = (
				en,
				Base,
			);
			mainGroup = B4943EB41FBD7D8800FB4FBE;
			productRefGroup = B4943EBE1FBD7D8800FB4FBE /* Products */;
			projectDirPath = "";
			projectRoot = "";
			targets = (
				B4943EBC1FBD7D8800FB4FBE /* ElementQuiz */,
				B4943ED01FBD7D8800FB4FBE /* ElementQuizTests */,
				B4943EDB1FBD7D8800FB4FBE /* ElementQuizUITests */,
			);
		};
/* End PBXProject section */

/* Begin PBXResourcesBuildPhase section */
		B4943EBB1FBD7D8800FB4FBE /* Resources */ = {
			isa = PBXResourcesBuildPhase;
			buildActionMask = 2147483647;
			files = (
				B4943ECB1FBD7D8800FB4FBE /* LaunchScreen.storyboard in Resources */,
				B4943EC81FBD7D8800FB4FBE /* Assets.xcassets in Resources */,
				B4943EC61FBD7D8800FB4FBE /* Main.storyboard in Resources */,
			);
			runOnlyForDeploymentPostprocessing = 0;
		};
		B4943ECF1FBD7D8800FB4FBE /* Resources */ = {
			isa = PBXResourcesBuildPhase;
			buildActionMask = 2147483647;
			files = (
			);
			runOnlyForDeploymentPostprocessing = 0;
		};
		B4943EDA1FBD7D8800FB4FBE /* Resources */ = {
			isa = PBXResourcesBuildPhase;
			buildActionMask = 2147483647;
			files = (
			);
			runOnlyForDeploymentPostprocessing = 0;
		};
/* End PBXResourcesBuildPhase section */

/* Begin PBXSourcesBuildPhase section */
		B4943EB91FBD7D8800FB4FBE /* Sources */ = {
			isa = PBXSourcesBuildPhase;
			buildActionMask = 2147483647;
			files = (
				B4943EC31FBD7D8800FB4FBE /* ViewController.swift in Sources */,
				B4943EC11FBD7D8800FB4FBE /* AppDelegate.swift in Sources */,
			);
			runOnlyForDeploymentPostprocessing = 0;
		};
		B4943ECD1FBD7D8800FB4FBE /* Sources */ = {
			isa = PBXSourcesBuildPhase;
			buildActionMask = 2147483647;
			files = (
				B4943ED61FBD7D8800FB4FBE /* ElementQuizTests.swift in Sources */,
			);
			runOnlyForDeploymentPostprocessing = 0;
		};
		B4943ED81FBD7D8800FB4FBE /* Sources */ = {
			isa = PBXSourcesBuildPhase;
			buildActionMask = 2147483647;
			files = (
				B4943EE11FBD7D8800FB4FBE /* ElementQuizUITests.swift in Sources */,
			);
			runOnlyForDeploymentPostprocessing = 0;
		};
/* End PBXSourcesBuildPhase section */

/* Begin PBXTargetDependency section */
		B4943ED31FBD7D8800FB4FBE /* PBXTargetDependency */ = {
			isa = PBXTargetDependency;
			target = B4943EBC1FBD7D8800FB4FBE /* ElementQuiz */;
			targetProxy = B4943ED21FBD7D8800FB4FBE /* PBXContainerItemProxy */;
		};
		B4943EDE1FBD7D8800FB4FBE /* PBXTargetDependency */ = {
			isa = PBXTargetDependency;
			target = B4943EBC1FBD7D8800FB4FBE /* ElementQuiz */;
			targetProxy = B4943EDD1FBD7D8800FB4FBE /* PBXContainerItemProxy */;
		};
/* End PBXTargetDependency section */

/* Begin PBXVariantGroup section */
		B4943EC41FBD7D8800FB4FBE /* Main.storyboard */ = {
			isa = PBXVariantGroup;
			children = (
				B4943EC51FBD7D8800FB4FBE /* Base */,
			);
			name = Main.storyboard;
			sourceTree = "<group>";
		};
		B4943EC91FBD7D8800FB4FBE /* LaunchScreen.storyboard */ = {
			isa = PBXVariantGroup;
			children = (
				B4943ECA1FBD7D8800FB4FBE /* Base */,
			);
			name = LaunchScreen.storyboard;
			sourceTree = "<group>";
		};
/* End PBXVariantGroup section */

/* Begin XCBuildConfiguration section */
		B4943EE31FBD7D8800FB4FBE /* Debug */ = {
			isa = XCBuildConfiguration;
			buildSettings = {
				ALWAYS_SEARCH_USER_PATHS = NO;
				CLANG_ANALYZER_NONNULL = YES;
				CLANG_ANALYZER_NUMBER_OBJECT_CONVERSION = YES_AGGRESSIVE;
				CLANG_CXX_LANGUAGE_STANDARD = "gnu++14";
				CLANG_CXX_LIBRARY = "libc++";
				CLANG_ENABLE_MODULES = YES;
				CLANG_ENABLE_OBJC_ARC = YES;
				CLANG_WARN_BLOCK_CAPTURE_AUTORELEASING = YES;
				CLANG_WARN_BOOL_CONVERSION = YES;
				CLANG_WARN_COMMA = YES;
				CLANG_WARN_CONSTANT_CONVERSION = YES;
				CLANG_WARN_DIRECT_OBJC_ISA_USAGE = YES_ERROR;
				CLANG_WARN_DOCUMENTATION_COMMENTS = YES;
				CLANG_WARN_EMPTY_BODY = YES;
				CLANG_WARN_ENUM_CONVERSION = YES;
				CLANG_WARN_INFINITE_RECURSION = YES;
				CLANG_WARN_INT_CONVERSION = YES;
				CLANG_WARN_NON_LITERAL_NULL_CONVERSION = YES;
				CLANG_WARN_OBJC_LITERAL_CONVERSION = YES;
				CLANG_WARN_OBJC_ROOT_CLASS = YES_ERROR;
				CLANG_WARN_RANGE_LOOP_ANALYSIS = YES;
				CLANG_WARN_STRICT_PROTOTYPES = YES;
				CLANG_WARN_SUSPICIOUS_MOVE = YES;
				CLANG_WARN_UNGUARDED_AVAILABILITY = YES_AGGRESSIVE;
				CLANG_WARN_UNREACHABLE_CODE = YES;
				CLANG_WARN__DUPLICATE_METHOD_MATCH = YES;
				CODE_SIGN_IDENTITY = "iPhone Developer";
				COPY_PHASE_STRIP = NO;
				DEBUG_INFORMATION_FORMAT = dwarf;
				ENABLE_STRICT_OBJC_MSGSEND = YES;
				ENABLE_TESTABILITY = YES;
				GCC_C_LANGUAGE_STANDARD = gnu11;
				GCC_DYNAMIC_NO_PIC = NO;
				GCC_NO_COMMON_BLOCKS = YES;
				GCC_OPTIMIZATION_LEVEL = 0;
				GCC_PREPROCESSOR_DEFINITIONS = (
					"DEBUG=1",
					"$(inherited)",
				);
				GCC_WARN_64_TO_32_BIT_CONVERSION = YES;
				GCC_WARN_ABOUT_RETURN_TYPE = YES_ERROR;
				GCC_WARN_UNDECLARED_SELECTOR = YES;
				GCC_WARN_UNINITIALIZED_AUTOS = YES_AGGRESSIVE;
				GCC_WARN_UNUSED_FUNCTION = YES;
				GCC_WARN_UNUSED_VARIABLE = YES;
				IPHONEOS_DEPLOYMENT_TARGET = 11.1;
				MTL_ENABLE_DEBUG_INFO = YES;
				ONLY_ACTIVE_ARCH = YES;
				SDKROOT = iphoneos;
				SWIFT_ACTIVE_COMPILATION_CONDITIONS = DEBUG;
				SWIFT_OPTIMIZATION_LEVEL = "-Onone";
			};
			name = Debug;
		};
		B4943EE41FBD7D8800FB4FBE /* Release */ = {
			isa = XCBuildConfiguration;
			buildSettings = {
				ALWAYS_SEARCH_USER_PATHS = NO;
				CLANG_ANALYZER_NONNULL = YES;
				CLANG_ANALYZER_NUMBER_OBJECT_CONVERSION = YES_AGGRESSIVE;
				CLANG_CXX_LANGUAGE_STANDARD = "gnu++14";
				CLANG_CXX_LIBRARY = "libc++";
				CLANG_ENABLE_MODULES = YES;
				CLANG_ENABLE_OBJC_ARC = YES;
				CLANG_WARN_BLOCK_CAPTURE_AUTORELEASING = YES;
				CLANG_WARN_BOOL_CONVERSION = YES;
				CLANG_WARN_COMMA = YES;
				CLANG_WARN_CONSTANT_CONVERSION = YES;
				CLANG_WARN_DIRECT_OBJC_ISA_USAGE = YES_ERROR;
				CLANG_WARN_DOCUMENTATION_COMMENTS = YES;
				CLANG_WARN_EMPTY_BODY = YES;
				CLANG_WARN_ENUM_CONVERSION = YES;
				CLANG_WARN_INFINITE_RECURSION = YES;
				CLANG_WARN_INT_CONVERSION = YES;
				CLANG_WARN_NON_LITERAL_NULL_CONVERSION = YES;
				CLANG_WARN_OBJC_LITERAL_CONVERSION = YES;
				CLANG_WARN_OBJC_ROOT_CLASS = YES_ERROR;
				CLANG_WARN_RANGE_LOOP_ANALYSIS = YES;
				CLANG_WARN_STRICT_PROTOTYPES = YES;
				CLANG_WARN_SUSPICIOUS_MOVE = YES;
				CLANG_WARN_UNGUARDED_AVAILABILITY = YES_AGGRESSIVE;
				CLANG_WARN_UNREACHABLE_CODE = YES;
				CLANG_WARN__DUPLICATE_METHOD_MATCH = YES;
				CODE_SIGN_IDENTITY = "iPhone Developer";
				COPY_PHASE_STRIP = NO;
				DEBUG_INFORMATION_FORMAT = "dwarf-with-dsym";
				ENABLE_NS_ASSERTIONS = NO;
				ENABLE_STRICT_OBJC_MSGSEND = YES;
				GCC_C_LANGUAGE_STANDARD = gnu11;
				GCC_NO_COMMON_BLOCKS = YES;
				GCC_WARN_64_TO_32_BIT_CONVERSION = YES;
				GCC_WARN_ABOUT_RETURN_TYPE = YES_ERROR;
				GCC_WARN_UNDECLARED_SELECTOR = YES;
				GCC_WARN_UNINITIALIZED_AUTOS = YES_AGGRESSIVE;
				GCC_WARN_UNUSED_FUNCTION = YES;
				GCC_WARN_UNUSED_VARIABLE = YES;
				IPHONEOS_DEPLOYMENT_TARGET = 11.1;
				MTL_ENABLE_DEBUG_INFO = NO;
				SDKROOT = iphoneos;
				SWIFT_OPTIMIZATION_LEVEL = "-Owholemodule";
				VALIDATE_PRODUCT = YES;
			};
			name = Release;
		};
		B4943EE61FBD7D8800FB4FBE /* Debug */ = {
			isa = XCBuildConfiguration;
			buildSettings = {
				ASSETCATALOG_COMPILER_APPICON_NAME = AppIcon;
				CODE_SIGN_STYLE = Automatic;
				DEVELOPMENT_TEAM = HQ58C65Q4B;
				INFOPLIST_FILE = ElementQuiz/Info.plist;
				LD_RUNPATH_SEARCH_PATHS = "$(inherited) @executable_path/Frameworks";
				PRODUCT_BUNDLE_IDENTIFIER = io.deep.ElementQuiz;
				PRODUCT_NAME = "$(TARGET_NAME)";
				SWIFT_VERSION = 4.0;
				TARGETED_DEVICE_FAMILY = "1,2";
			};
			name = Debug;
		};
		B4943EE71FBD7D8800FB4FBE /* Release */ = {
			isa = XCBuildConfiguration;
			buildSettings = {
				ASSETCATALOG_COMPILER_APPICON_NAME = AppIcon;
				CODE_SIGN_STYLE = Automatic;
				DEVELOPMENT_TEAM = HQ58C65Q4B;
				INFOPLIST_FILE = ElementQuiz/Info.plist;
				LD_RUNPATH_SEARCH_PATHS = "$(inherited) @executable_path/Frameworks";
				PRODUCT_BUNDLE_IDENTIFIER = io.deep.ElementQuiz;
				PRODUCT_NAME = "$(TARGET_NAME)";
				SWIFT_VERSION = 4.0;
				TARGETED_DEVICE_FAMILY = "1,2";
			};
			name = Release;
		};
		B4943EE91FBD7D8800FB4FBE /* Debug */ = {
			isa = XCBuildConfiguration;
			buildSettings = {
				ALWAYS_EMBED_SWIFT_STANDARD_LIBRARIES = YES;
				BUNDLE_LOADER = "$(TEST_HOST)";
				CODE_SIGN_STYLE = Automatic;
				DEVELOPMENT_TEAM = HQ58C65Q4B;
				INFOPLIST_FILE = ElementQuizTests/Info.plist;
				LD_RUNPATH_SEARCH_PATHS = "$(inherited) @executable_path/Frameworks @loader_path/Frameworks";
				PRODUCT_BUNDLE_IDENTIFIER = io.deep.ElementQuizTests;
				PRODUCT_NAME = "$(TARGET_NAME)";
				SWIFT_VERSION = 4.0;
				TARGETED_DEVICE_FAMILY = "1,2";
				TEST_HOST = "$(BUILT_PRODUCTS_DIR)/ElementQuiz.app/ElementQuiz";
			};
			name = Debug;
		};
		B4943EEA1FBD7D8800FB4FBE /* Release */ = {
			isa = XCBuildConfiguration;
			buildSettings = {
				ALWAYS_EMBED_SWIFT_STANDARD_LIBRARIES = YES;
				BUNDLE_LOADER = "$(TEST_HOST)";
				CODE_SIGN_STYLE = Automatic;
				DEVELOPMENT_TEAM = HQ58C65Q4B;
				INFOPLIST_FILE = ElementQuizTests/Info.plist;
				LD_RUNPATH_SEARCH_PATHS = "$(inherited) @executable_path/Frameworks @loader_path/Frameworks";
				PRODUCT_BUNDLE_IDENTIFIER = io.deep.ElementQuizTests;
				PRODUCT_NAME = "$(TARGET_NAME)";
				SWIFT_VERSION = 4.0;
				TARGETED_DEVICE_FAMILY = "1,2";
				TEST_HOST = "$(BUILT_PRODUCTS_DIR)/ElementQuiz.app/ElementQuiz";
			};
			name = Release;
		};
		B4943EEC1FBD7D8800FB4FBE /* Debug */ = {
			isa = XCBuildConfiguration;
			buildSettings = {
				ALWAYS_EMBED_SWIFT_STANDARD_LIBRARIES = YES;
				CODE_SIGN_STYLE = Automatic;
				DEVELOPMENT_TEAM = HQ58C65Q4B;
				INFOPLIST_FILE = ElementQuizUITests/Info.plist;
				LD_RUNPATH_SEARCH_PATHS = "$(inherited) @executable_path/Frameworks @loader_path/Frameworks";
				PRODUCT_BUNDLE_IDENTIFIER = io.deep.ElementQuizUITests;
				PRODUCT_NAME = "$(TARGET_NAME)";
				SWIFT_VERSION = 4.0;
				TARGETED_DEVICE_FAMILY = "1,2";
				TEST_TARGET_NAME = ElementQuiz;
			};
			name = Debug;
		};
		B4943EED1FBD7D8800FB4FBE /* Release */ = {
			isa = XCBuildConfiguration;
			buildSettings = {
				ALWAYS_EMBED_SWIFT_STANDARD_LIBRARIES = YES;
				CODE_SIGN_STYLE = Automatic;
				DEVELOPMENT_TEAM = HQ58C65Q4B;
				INFOPLIST_FILE = ElementQuizUITests/Info.plist;
				LD_RUNPATH_SEARCH_PATHS = "$(inherited) @executable_path/Frameworks @loader_path/Frameworks";
				PRODUCT_BUNDLE_IDENTIFIER = io.deep.ElementQuizUITests;
				PRODUCT_NAME = "$(TARGET_NAME)";
				SWIFT_VERSION = 4.0;
				TARGETED_DEVICE_FAMILY = "1,2";
				TEST_TARGET_NAME = ElementQuiz;
			};
			name = Release;
		};
/* End XCBuildConfiguration section */

/* Begin XCConfigurationList section */
		B4943EB81FBD7D8800FB4FBE /* Build configuration list for PBXProject "ElementQuiz" */ = {
			isa = XCConfigurationList;
			buildConfigurations = (
				B4943EE31FBD7D8800FB4FBE /* Debug */,
				B4943EE41FBD7D8800FB4FBE /* Release */,
			);
			defaultConfigurationIsVisible = 0;
			defaultConfigurationName = Release;
		};
		B4943EE51FBD7D8800FB4FBE /* Build configuration list for PBXNativeTarget "ElementQuiz" */ = {
			isa = XCConfigurationList;
			buildConfigurations = (
				B4943EE61FBD7D8800FB4FBE /* Debug */,
				B4943EE71FBD7D8800FB4FBE /* Release */,
			);
			defaultConfigurationIsVisible = 0;
			defaultConfigurationName = Release;
		};
		B4943EE81FBD7D8800FB4FBE /* Build configuration list for PBXNativeTarget "ElementQuizTests" */ = {
			isa = XCConfigurationList;
			buildConfigurations = (
				B4943EE91FBD7D8800FB4FBE /* Debug */,
				B4943EEA1FBD7D8800FB4FBE /* Release */,
			);
			defaultConfigurationIsVisible = 0;
			defaultConfigurationName = Release;
		};
		B4943EEB1FBD7D8800FB4FBE /* Build configuration list for PBXNativeTarget "ElementQuizUITests" */ = {
			isa = XCConfigurationList;
			buildConfigurations = (
				B4943EEC1FBD7D8800FB4FBE /* Debug */,
				B4943EED1FBD7D8800FB4FBE /* Release */,
			);
			defaultConfigurationIsVisible = 0;
			defaultConfigurationName = Release;
		};
/* End XCConfigurationList section */
	};
	rootObject = B4943EB51FBD7D8800FB4FBE /* Project object */;
}
